// !$*UTF8*$!
{
	archiveVersion = 1;
	classes = {
	};
	objectVersion = 46;
	objects = {

/* Begin PBXBuildFile section */
		6F035A231CCF2A3200BA023E /* ViewController.m in Sources */ = {isa = PBXBuildFile; fileRef = 6F035A1F1CCF2A3200BA023E /* ViewController.m */; };
		6F035A241CCF2A3200BA023E /* AndyScrollView.m in Sources */ = {isa = PBXBuildFile; fileRef = 6F035A201CCF2A3200BA023E /* AndyScrollView.m */; };
		6F035A251CCF2A3200BA023E /* LeftView.m in Sources */ = {isa = PBXBuildFile; fileRef = 6F035A221CCF2A3200BA023E /* LeftView.m */; };
		6F6602FC1CD81EF6001D4903 /* AboutViewController.m in Sources */ = {isa = PBXBuildFile; fileRef = 6F6602FB1CD81EF6001D4903 /* AboutViewController.m */; };
		6F6602FE1CD8241F001D4903 /* powerscore_icon_p.png in Resources */ = {isa = PBXBuildFile; fileRef = 6F6602FD1CD8241F001D4903 /* powerscore_icon_p.png */; };
		6F6D7CEB1C9EA9F70089521E /* main.m in Sources */ = {isa = PBXBuildFile; fileRef = 6F6D7CEA1C9EA9F70089521E /* main.m */; };
		6F6D7CEE1C9EA9F70089521E /* AppDelegate.m in Sources */ = {isa = PBXBuildFile; fileRef = 6F6D7CED1C9EA9F70089521E /* AppDelegate.m */; };
		6F6D7CF41C9EA9F70089521E /* Main.storyboard in Resources */ = {isa = PBXBuildFile; fileRef = 6F6D7CF21C9EA9F70089521E /* Main.storyboard */; };
		6F6D7CF61C9EA9F70089521E /* Assets.xcassets in Resources */ = {isa = PBXBuildFile; fileRef = 6F6D7CF51C9EA9F70089521E /* Assets.xcassets */; };
		6F6D7CF91C9EA9F70089521E /* LaunchScreen.storyboard in Resources */ = {isa = PBXBuildFile; fileRef = 6F6D7CF71C9EA9F70089521E /* LaunchScreen.storyboard */; };
		6F6D7D041C9EA9F70089521E /* PowerScoreTests.m in Sources */ = {isa = PBXBuildFile; fileRef = 6F6D7D031C9EA9F70089521E /* PowerScoreTests.m */; };
		6F6D7D0F1C9EA9F70089521E /* PowerScoreUITests.m in Sources */ = {isa = PBXBuildFile; fileRef = 6F6D7D0E1C9EA9F70089521E /* PowerScoreUITests.m */; };
		6F6F62051CD618E000BEC283 /* HistoryListTableViewCell.m in Sources */ = {isa = PBXBuildFile; fileRef = 6F6F62031CD618E000BEC283 /* HistoryListTableViewCell.m */; };
		6F6F62061CD618E000BEC283 /* HistoryListTableViewCell.xib in Resources */ = {isa = PBXBuildFile; fileRef = 6F6F62041CD618E000BEC283 /* HistoryListTableViewCell.xib */; };
		6F7E34221CD56C67006CA8AE /* white.png in Resources */ = {isa = PBXBuildFile; fileRef = 6F7E34211CD56C67006CA8AE /* white.png */; };
		6F7E34241CD56D9D006CA8AE /* grey.png in Resources */ = {isa = PBXBuildFile; fileRef = 6F7E34231CD56D9D006CA8AE /* grey.png */; };
		6F7E34271CD57B02006CA8AE /* RightView.m in Sources */ = {isa = PBXBuildFile; fileRef = 6F7E34261CD57B02006CA8AE /* RightView.m */; };
		6F7E342A1CD57E86006CA8AE /* RightScrollView.m in Sources */ = {isa = PBXBuildFile; fileRef = 6F7E34291CD57E86006CA8AE /* RightScrollView.m */; };
		6F7E342C1CD59D9D006CA8AE /* light_blue.png in Resources */ = {isa = PBXBuildFile; fileRef = 6F7E342B1CD59D9D006CA8AE /* light_blue.png */; };
		6F7E342E1CD5A198006CA8AE /* right_divide.png in Resources */ = {isa = PBXBuildFile; fileRef = 6F7E342D1CD5A198006CA8AE /* right_divide.png */; };
		6F93ABDE1CD4BD43009504E4 /* setting_tx.png in Resources */ = {isa = PBXBuildFile; fileRef = 6F93ABDD1CD4BD43009504E4 /* setting_tx.png */; };
		6F93ABE01CD4BDEA009504E4 /* account.plist in Resources */ = {isa = PBXBuildFile; fileRef = 6F93ABDF1CD4BDEA009504E4 /* account.plist */; };
		6FA2959A1CD4505C005B0574 /* NavController.m in Sources */ = {isa = PBXBuildFile; fileRef = 6FA295991CD4505C005B0574 /* NavController.m */; };
/* End PBXBuildFile section */

/* Begin PBXContainerItemProxy section */
		6F6D7D001C9EA9F70089521E /* PBXContainerItemProxy */ = {
			isa = PBXContainerItemProxy;
			containerPortal = 6F6D7CDE1C9EA9F70089521E /* Project object */;
			proxyType = 1;
			remoteGlobalIDString = 6F6D7CE51C9EA9F70089521E;
			remoteInfo = PowerScore;
		};
		6F6D7D0B1C9EA9F70089521E /* PBXContainerItemProxy */ = {
			isa = PBXContainerItemProxy;
			containerPortal = 6F6D7CDE1C9EA9F70089521E /* Project object */;
			proxyType = 1;
			remoteGlobalIDString = 6F6D7CE51C9EA9F70089521E;
			remoteInfo = PowerScore;
		};
/* End PBXContainerItemProxy section */

/* Begin PBXFileReference section */
		6F035A1D1CCF2A3200BA023E /* ViewController.h */ = {isa = PBXFileReference; fileEncoding = 4; lastKnownFileType = sourcecode.c.h; path = ViewController.h; sourceTree = "<group>"; };
		6F035A1E1CCF2A3200BA023E /* AndyScrollView.h */ = {isa = PBXFileReference; fileEncoding = 4; lastKnownFileType = sourcecode.c.h; path = AndyScrollView.h; sourceTree = "<group>"; };
		6F035A1F1CCF2A3200BA023E /* ViewController.m */ = {isa = PBXFileReference; fileEncoding = 4; lastKnownFileType = sourcecode.c.objc; path = ViewController.m; sourceTree = "<group>"; };
		6F035A201CCF2A3200BA023E /* AndyScrollView.m */ = {isa = PBXFileReference; fileEncoding = 4; lastKnownFileType = sourcecode.c.objc; path = AndyScrollView.m; sourceTree = "<group>"; };
		6F035A211CCF2A3200BA023E /* LeftView.h */ = {isa = PBXFileReference; fileEncoding = 4; lastKnownFileType = sourcecode.c.h; path = LeftView.h; sourceTree = "<group>"; };
		6F035A221CCF2A3200BA023E /* LeftView.m */ = {isa = PBXFileReference; fileEncoding = 4; lastKnownFileType = sourcecode.c.objc; path = LeftView.m; sourceTree = "<group>"; };
		6F6602FA1CD81EF6001D4903 /* AboutViewController.h */ = {isa = PBXFileReference; fileEncoding = 4; lastKnownFileType = sourcecode.c.h; path = AboutViewController.h; sourceTree = "<group>"; };
		6F6602FB1CD81EF6001D4903 /* AboutViewController.m */ = {isa = PBXFileReference; fileEncoding = 4; lastKnownFileType = sourcecode.c.objc; path = AboutViewController.m; sourceTree = "<group>"; };
		6F6602FD1CD8241F001D4903 /* powerscore_icon_p.png */ = {isa = PBXFileReference; lastKnownFileType = image.png; path = powerscore_icon_p.png; sourceTree = "<group>"; };
		6F6D7CE61C9EA9F70089521E /* PowerScore.app */ = {isa = PBXFileReference; explicitFileType = wrapper.application; includeInIndex = 0; path = PowerScore.app; sourceTree = BUILT_PRODUCTS_DIR; };
		6F6D7CEA1C9EA9F70089521E /* main.m */ = {isa = PBXFileReference; lastKnownFileType = sourcecode.c.objc; path = main.m; sourceTree = "<group>"; };
		6F6D7CEC1C9EA9F70089521E /* AppDelegate.h */ = {isa = PBXFileReference; lastKnownFileType = sourcecode.c.h; path = AppDelegate.h; sourceTree = "<group>"; };
		6F6D7CED1C9EA9F70089521E /* AppDelegate.m */ = {isa = PBXFileReference; lastKnownFileType = sourcecode.c.objc; path = AppDelegate.m; sourceTree = "<group>"; };
		6F6D7CF31C9EA9F70089521E /* Base */ = {isa = PBXFileReference; lastKnownFileType = file.storyboard; name = Base; path = Base.lproj/Main.storyboard; sourceTree = "<group>"; };
		6F6D7CF51C9EA9F70089521E /* Assets.xcassets */ = {isa = PBXFileReference; lastKnownFileType = folder.assetcatalog; path = Assets.xcassets; sourceTree = "<group>"; };
		6F6D7CF81C9EA9F70089521E /* Base */ = {isa = PBXFileReference; lastKnownFileType = file.storyboard; name = Base; path = Base.lproj/LaunchScreen.storyboard; sourceTree = "<group>"; };
		6F6D7CFA1C9EA9F70089521E /* Info.plist */ = {isa = PBXFileReference; lastKnownFileType = text.plist.xml; path = Info.plist; sourceTree = "<group>"; };
		6F6D7CFF1C9EA9F70089521E /* PowerScoreTests.xctest */ = {isa = PBXFileReference; explicitFileType = wrapper.cfbundle; includeInIndex = 0; path = PowerScoreTests.xctest; sourceTree = BUILT_PRODUCTS_DIR; };
		6F6D7D031C9EA9F70089521E /* PowerScoreTests.m */ = {isa = PBXFileReference; lastKnownFileType = sourcecode.c.objc; path = PowerScoreTests.m; sourceTree = "<group>"; };
		6F6D7D051C9EA9F70089521E /* Info.plist */ = {isa = PBXFileReference; lastKnownFileType = text.plist.xml; path = Info.plist; sourceTree = "<group>"; };
		6F6D7D0A1C9EA9F70089521E /* PowerScoreUITests.xctest */ = {isa = PBXFileReference; explicitFileType = wrapper.cfbundle; includeInIndex = 0; path = PowerScoreUITests.xctest; sourceTree = BUILT_PRODUCTS_DIR; };
		6F6D7D0E1C9EA9F70089521E /* PowerScoreUITests.m */ = {isa = PBXFileReference; lastKnownFileType = sourcecode.c.objc; path = PowerScoreUITests.m; sourceTree = "<group>"; };
		6F6D7D101C9EA9F70089521E /* Info.plist */ = {isa = PBXFileReference; lastKnownFileType = text.plist.xml; path = Info.plist; sourceTree = "<group>"; };
		6F6F62021CD618E000BEC283 /* HistoryListTableViewCell.h */ = {isa = PBXFileReference; fileEncoding = 4; lastKnownFileType = sourcecode.c.h; path = HistoryListTableViewCell.h; sourceTree = "<group>"; };
		6F6F62031CD618E000BEC283 /* HistoryListTableViewCell.m */ = {isa = PBXFileReference; fileEncoding = 4; lastKnownFileType = sourcecode.c.objc; path = HistoryListTableViewCell.m; sourceTree = "<group>"; };
		6F6F62041CD618E000BEC283 /* HistoryListTableViewCell.xib */ = {isa = PBXFileReference; fileEncoding = 4; lastKnownFileType = file.xib; path = HistoryListTableViewCell.xib; sourceTree = "<group>"; };
		6F7E34211CD56C67006CA8AE /* white.png */ = {isa = PBXFileReference; lastKnownFileType = image.png; path = white.png; sourceTree = "<group>"; };
		6F7E34231CD56D9D006CA8AE /* grey.png */ = {isa = PBXFileReference; lastKnownFileType = image.png; path = grey.png; sourceTree = "<group>"; };
		6F7E34251CD57B02006CA8AE /* RightView.h */ = {isa = PBXFileReference; fileEncoding = 4; lastKnownFileType = sourcecode.c.h; path = RightView.h; sourceTree = "<group>"; };
		6F7E34261CD57B02006CA8AE /* RightView.m */ = {isa = PBXFileReference; fileEncoding = 4; lastKnownFileType = sourcecode.c.objc; path = RightView.m; sourceTree = "<group>"; };
		6F7E34281CD57E86006CA8AE /* RightScrollView.h */ = {isa = PBXFileReference; fileEncoding = 4; lastKnownFileType = sourcecode.c.h; path = RightScrollView.h; sourceTree = "<group>"; };
		6F7E34291CD57E86006CA8AE /* RightScrollView.m */ = {isa = PBXFileReference; fileEncoding = 4; lastKnownFileType = sourcecode.c.objc; path = RightScrollView.m; sourceTree = "<group>"; };
		6F7E342B1CD59D9D006CA8AE /* light_blue.png */ = {isa = PBXFileReference; lastKnownFileType = image.png; path = light_blue.png; sourceTree = "<group>"; };
		6F7E342D1CD5A198006CA8AE /* right_divide.png */ = {isa = PBXFileReference; lastKnownFileType = image.png; path = right_divide.png; sourceTree = "<group>"; };
		6F93ABDD1CD4BD43009504E4 /* setting_tx.png */ = {isa = PBXFileReference; lastKnownFileType = image.png; path = setting_tx.png; sourceTree = "<group>"; };
		6F93ABDF1CD4BDEA009504E4 /* account.plist */ = {isa = PBXFileReference; fileEncoding = 4; lastKnownFileType = text.plist.xml; path = account.plist; sourceTree = "<group>"; };
		6FA295981CD4505C005B0574 /* NavController.h */ = {isa = PBXFileReference; fileEncoding = 4; lastKnownFileType = sourcecode.c.h; path = NavController.h; sourceTree = "<group>"; };
		6FA295991CD4505C005B0574 /* NavController.m */ = {isa = PBXFileReference; fileEncoding = 4; lastKnownFileType = sourcecode.c.objc; path = NavController.m; sourceTree = "<group>"; };
/* End PBXFileReference section */

/* Begin PBXFrameworksBuildPhase section */
		6F6D7CE31C9EA9F70089521E /* Frameworks */ = {
			isa = PBXFrameworksBuildPhase;
			buildActionMask = 2147483647;
			files = (
			);
			runOnlyForDeploymentPostprocessing = 0;
		};
		6F6D7CFC1C9EA9F70089521E /* Frameworks */ = {
			isa = PBXFrameworksBuildPhase;
			buildActionMask = 2147483647;
			files = (
			);
			runOnlyForDeploymentPostprocessing = 0;
		};
		6F6D7D071C9EA9F70089521E /* Frameworks */ = {
			isa = PBXFrameworksBuildPhase;
			buildActionMask = 2147483647;
			files = (
			);
			runOnlyForDeploymentPostprocessing = 0;
		};
/* End PBXFrameworksBuildPhase section */

/* Begin PBXGroup section */
		6F6D7CDD1C9EA9F70089521E = {
			isa = PBXGroup;
			children = (
				6F6D7CE81C9EA9F70089521E /* PowerScore */,
				6F6D7D021C9EA9F70089521E /* PowerScoreTests */,
				6F6D7D0D1C9EA9F70089521E /* PowerScoreUITests */,
				6F6D7CE71C9EA9F70089521E /* Products */,
			);
			sourceTree = "<group>";
		};
		6F6D7CE71C9EA9F70089521E /* Products */ = {
			isa = PBXGroup;
			children = (
				6F6D7CE61C9EA9F70089521E /* PowerScore.app */,
				6F6D7CFF1C9EA9F70089521E /* PowerScoreTests.xctest */,
				6F6D7D0A1C9EA9F70089521E /* PowerScoreUITests.xctest */,
			);
			name = Products;
			sourceTree = "<group>";
		};
		6F6D7CE81C9EA9F70089521E /* PowerScore */ = {
			isa = PBXGroup;
			children = (
				6F93ABDD1CD4BD43009504E4 /* setting_tx.png */,
				6F7E34211CD56C67006CA8AE /* white.png */,
				6F7E34231CD56D9D006CA8AE /* grey.png */,
				6F7E342B1CD59D9D006CA8AE /* light_blue.png */,
				6F7E342D1CD5A198006CA8AE /* right_divide.png */,
				6F6602FD1CD8241F001D4903 /* powerscore_icon_p.png */,
				6F6D7CEC1C9EA9F70089521E /* AppDelegate.h */,
				6F6D7CED1C9EA9F70089521E /* AppDelegate.m */,
				6F035A1D1CCF2A3200BA023E /* ViewController.h */,
				6F035A1F1CCF2A3200BA023E /* ViewController.m */,
				6F6602FA1CD81EF6001D4903 /* AboutViewController.h */,
				6F6602FB1CD81EF6001D4903 /* AboutViewController.m */,
				6FA295981CD4505C005B0574 /* NavController.h */,
				6FA295991CD4505C005B0574 /* NavController.m */,
				6F035A1E1CCF2A3200BA023E /* AndyScrollView.h */,
				6F035A201CCF2A3200BA023E /* AndyScrollView.m */,
				6F7E34281CD57E86006CA8AE /* RightScrollView.h */,
				6F7E34291CD57E86006CA8AE /* RightScrollView.m */,
				6F035A211CCF2A3200BA023E /* LeftView.h */,
				6F035A221CCF2A3200BA023E /* LeftView.m */,
				6F7E34251CD57B02006CA8AE /* RightView.h */,
				6F7E34261CD57B02006CA8AE /* RightView.m */,
				6F6F62021CD618E000BEC283 /* HistoryListTableViewCell.h */,
				6F6F62031CD618E000BEC283 /* HistoryListTableViewCell.m */,
				6F6F62041CD618E000BEC283 /* HistoryListTableViewCell.xib */,
				6F6D7CF21C9EA9F70089521E /* Main.storyboard */,
				6F6D7CF51C9EA9F70089521E /* Assets.xcassets */,
				6F6D7CF71C9EA9F70089521E /* LaunchScreen.storyboard */,
				6F6D7CFA1C9EA9F70089521E /* Info.plist */,
				6F93ABDF1CD4BDEA009504E4 /* account.plist */,
				6F6D7CE91C9EA9F70089521E /* Supporting Files */,
			);
			path = PowerScore;
			sourceTree = "<group>";
		};
		6F6D7CE91C9EA9F70089521E /* Supporting Files */ = {
			isa = PBXGroup;
			children = (
				6F6D7CEA1C9EA9F70089521E /* main.m */,
			);
			name = "Supporting Files";
			sourceTree = "<group>";
		};
		6F6D7D021C9EA9F70089521E /* PowerScoreTests */ = {
			isa = PBXGroup;
			children = (
				6F6D7D031C9EA9F70089521E /* PowerScoreTests.m */,
				6F6D7D051C9EA9F70089521E /* Info.plist */,
			);
			path = PowerScoreTests;
			sourceTree = "<group>";
		};
		6F6D7D0D1C9EA9F70089521E /* PowerScoreUITests */ = {
			isa = PBXGroup;
			children = (
				6F6D7D0E1C9EA9F70089521E /* PowerScoreUITests.m */,
				6F6D7D101C9EA9F70089521E /* Info.plist */,
			);
			path = PowerScoreUITests;
			sourceTree = "<group>";
		};
/* End PBXGroup section */

/* Begin PBXNativeTarget section */
		6F6D7CE51C9EA9F70089521E /* PowerScore */ = {
			isa = PBXNativeTarget;
			buildConfigurationList = 6F6D7D131C9EA9F70089521E /* Build configuration list for PBXNativeTarget "PowerScore" */;
			buildPhases = (
				6F6D7CE21C9EA9F70089521E /* Sources */,
				6F6D7CE41C9EA9F70089521E /* Resources */,
				6F6D7CE31C9EA9F70089521E /* Frameworks */,
			);
			buildRules = (
			);
			dependencies = (
			);
			name = PowerScore;
			productName = PowerScore;
			productReference = 6F6D7CE61C9EA9F70089521E /* PowerScore.app */;
			productType = "com.apple.product-type.application";
		};
		6F6D7CFE1C9EA9F70089521E /* PowerScoreTests */ = {
			isa = PBXNativeTarget;
			buildConfigurationList = 6F6D7D161C9EA9F70089521E /* Build configuration list for PBXNativeTarget "PowerScoreTests" */;
			buildPhases = (
				6F6D7CFB1C9EA9F70089521E /* Sources */,
				6F6D7CFC1C9EA9F70089521E /* Frameworks */,
				6F6D7CFD1C9EA9F70089521E /* Resources */,
			);
			buildRules = (
			);
			dependencies = (
				6F6D7D011C9EA9F70089521E /* PBXTargetDependency */,
			);
			name = PowerScoreTests;
			productName = PowerScoreTests;
			productReference = 6F6D7CFF1C9EA9F70089521E /* PowerScoreTests.xctest */;
			productType = "com.apple.product-type.bundle.unit-test";
		};
		6F6D7D091C9EA9F70089521E /* PowerScoreUITests */ = {
			isa = PBXNativeTarget;
			buildConfigurationList = 6F6D7D191C9EA9F70089521E /* Build configuration list for PBXNativeTarget "PowerScoreUITests" */;
			buildPhases = (
				6F6D7D061C9EA9F70089521E /* Sources */,
				6F6D7D071C9EA9F70089521E /* Frameworks */,
				6F6D7D081C9EA9F70089521E /* Resources */,
			);
			buildRules = (
			);
			dependencies = (
				6F6D7D0C1C9EA9F70089521E /* PBXTargetDependency */,
			);
			name = PowerScoreUITests;
			productName = PowerScoreUITests;
			productReference = 6F6D7D0A1C9EA9F70089521E /* PowerScoreUITests.xctest */;
			productType = "com.apple.product-type.bundle.ui-testing";
		};
/* End PBXNativeTarget section */

/* Begin PBXProject section */
		6F6D7CDE1C9EA9F70089521E /* Project object */ = {
			isa = PBXProject;
			attributes = {
				LastUpgradeCheck = 0720;
				ORGANIZATIONNAME = "Gustav Wang";
				TargetAttributes = {
					6F6D7CE51C9EA9F70089521E = {
						CreatedOnToolsVersion = 7.2;
						DevelopmentTeam = TF8Z26XE78;
					};
					6F6D7CFE1C9EA9F70089521E = {
						CreatedOnToolsVersion = 7.2;
						TestTargetID = 6F6D7CE51C9EA9F70089521E;
					};
					6F6D7D091C9EA9F70089521E = {
						CreatedOnToolsVersion = 7.2;
						TestTargetID = 6F6D7CE51C9EA9F70089521E;
					};
				};
			};
			buildConfigurationList = 6F6D7CE11C9EA9F70089521E /* Build configuration list for PBXProject "PowerScore" */;
			compatibilityVersion = "Xcode 3.2";
			developmentRegion = English;
			hasScannedForEncodings = 0;
			knownRegions = (
				en,
				Base,
			);
			mainGroup = 6F6D7CDD1C9EA9F70089521E;
			productRefGroup = 6F6D7CE71C9EA9F70089521E /* Products */;
			projectDirPath = "";
			projectRoot = "";
			targets = (
				6F6D7CE51C9EA9F70089521E /* PowerScore */,
				6F6D7CFE1C9EA9F70089521E /* PowerScoreTests */,
				6F6D7D091C9EA9F70089521E /* PowerScoreUITests */,
			);
		};
/* End PBXProject section */

/* Begin PBXResourcesBuildPhase section */
		6F6D7CE41C9EA9F70089521E /* Resources */ = {
			isa = PBXResourcesBuildPhase;
			buildActionMask = 2147483647;
			files = (
				6F7E342C1CD59D9D006CA8AE /* light_blue.png in Resources */,
				6F7E342E1CD5A198006CA8AE /* right_divide.png in Resources */,
				6F93ABE01CD4BDEA009504E4 /* account.plist in Resources */,
				6F7E34241CD56D9D006CA8AE /* grey.png in Resources */,
				6F6F62061CD618E000BEC283 /* HistoryListTableViewCell.xib in Resources */,
				6F7E34221CD56C67006CA8AE /* white.png in Resources */,
				6F93ABDE1CD4BD43009504E4 /* setting_tx.png in Resources */,
				6F6D7CF91C9EA9F70089521E /* LaunchScreen.storyboard in Resources */,
				6F6D7CF61C9EA9F70089521E /* Assets.xcassets in Resources */,
				6F6D7CF41C9EA9F70089521E /* Main.storyboard in Resources */,
				6F6602FE1CD8241F001D4903 /* powerscore_icon_p.png in Resources */,
			);
			runOnlyForDeploymentPostprocessing = 0;
		};
		6F6D7CFD1C9EA9F70089521E /* Resources */ = {
			isa = PBXResourcesBuildPhase;
			buildActionMask = 2147483647;
			files = (
			);
			runOnlyForDeploymentPostprocessing = 0;
		};
		6F6D7D081C9EA9F70089521E /* Resources */ = {
			isa = PBXResourcesBuildPhase;
			buildActionMask = 2147483647;
			files = (
			);
			runOnlyForDeploymentPostprocessing = 0;
		};
/* End PBXResourcesBuildPhase section */

/* Begin PBXSourcesBuildPhase section */
		6F6D7CE21C9EA9F70089521E /* Sources */ = {
			isa = PBXSourcesBuildPhase;
			buildActionMask = 2147483647;
			files = (
				6F035A251CCF2A3200BA023E /* LeftView.m in Sources */,
				6F035A231CCF2A3200BA023E /* ViewController.m in Sources */,
				6F035A241CCF2A3200BA023E /* AndyScrollView.m in Sources */,
				6FA2959A1CD4505C005B0574 /* NavController.m in Sources */,
				6F7E342A1CD57E86006CA8AE /* RightScrollView.m in Sources */,
				6F6F62051CD618E000BEC283 /* HistoryListTableViewCell.m in Sources */,
				6F6602FC1CD81EF6001D4903 /* AboutViewController.m in Sources */,
				6F7E34271CD57B02006CA8AE /* RightView.m in Sources */,
				6F6D7CEE1C9EA9F70089521E /* AppDelegate.m in Sources */,
				6F6D7CEB1C9EA9F70089521E /* main.m in Sources */,
			);
			runOnlyForDeploymentPostprocessing = 0;
		};
		6F6D7CFB1C9EA9F70089521E /* Sources */ = {
			isa = PBXSourcesBuildPhase;
			buildActionMask = 2147483647;
			files = (
				6F6D7D041C9EA9F70089521E /* PowerScoreTests.m in Sources */,
			);
			runOnlyForDeploymentPostprocessing = 0;
		};
		6F6D7D061C9EA9F70089521E /* Sources */ = {
			isa = PBXSourcesBuildPhase;
			buildActionMask = 2147483647;
			files = (
				6F6D7D0F1C9EA9F70089521E /* PowerScoreUITests.m in Sources */,
			);
			runOnlyForDeploymentPostprocessing = 0;
		};
/* End PBXSourcesBuildPhase section */

/* Begin PBXTargetDependency section */
		6F6D7D011C9EA9F70089521E /* PBXTargetDependency */ = {
			isa = PBXTargetDependency;
			target = 6F6D7CE51C9EA9F70089521E /* PowerScore */;
			targetProxy = 6F6D7D001C9EA9F70089521E /* PBXContainerItemProxy */;
		};
		6F6D7D0C1C9EA9F70089521E /* PBXTargetDependency */ = {
			isa = PBXTargetDependency;
			target = 6F6D7CE51C9EA9F70089521E /* PowerScore */;
			targetProxy = 6F6D7D0B1C9EA9F70089521E /* PBXContainerItemProxy */;
		};
/* End PBXTargetDependency section */

/* Begin PBXVariantGroup section */
		6F6D7CF21C9EA9F70089521E /* Main.storyboard */ = {
			isa = PBXVariantGroup;
			children = (
				6F6D7CF31C9EA9F70089521E /* Base */,
			);
			name = Main.storyboard;
			sourceTree = "<group>";
		};
		6F6D7CF71C9EA9F70089521E /* LaunchScreen.storyboard */ = {
			isa = PBXVariantGroup;
			children = (
				6F6D7CF81C9EA9F70089521E /* Base */,
			);
			name = LaunchScreen.storyboard;
			sourceTree = "<group>";
		};
/* End PBXVariantGroup section */

/* Begin XCBuildConfiguration section */
		6F6D7D111C9EA9F70089521E /* Debug */ = {
			isa = XCBuildConfiguration;
			buildSettings = {
				ALWAYS_SEARCH_USER_PATHS = NO;
				CLANG_CXX_LANGUAGE_STANDARD = "gnu++0x";
				CLANG_CXX_LIBRARY = "libc++";
				CLANG_ENABLE_MODULES = YES;
				CLANG_ENABLE_OBJC_ARC = YES;
				CLANG_WARN_BOOL_CONVERSION = YES;
				CLANG_WARN_CONSTANT_CONVERSION = YES;
				CLANG_WARN_DIRECT_OBJC_ISA_USAGE = YES_ERROR;
				CLANG_WARN_EMPTY_BODY = YES;
				CLANG_WARN_ENUM_CONVERSION = YES;
				CLANG_WARN_INT_CONVERSION = YES;
				CLANG_WARN_OBJC_ROOT_CLASS = YES_ERROR;
				CLANG_WARN_UNREACHABLE_CODE = YES;
				CLANG_WARN__DUPLICATE_METHOD_MATCH = YES;
				"CODE_SIGN_IDENTITY[sdk=iphoneos*]" = "iPhone Developer";
				COPY_PHASE_STRIP = NO;
				DEBUG_INFORMATION_FORMAT = dwarf;
				ENABLE_STRICT_OBJC_MSGSEND = YES;
				ENABLE_TESTABILITY = YES;
				GCC_C_LANGUAGE_STANDARD = gnu99;
				GCC_DYNAMIC_NO_PIC = NO;
				GCC_NO_COMMON_BLOCKS = YES;
				GCC_OPTIMIZATION_LEVEL = 0;
				GCC_PREPROCESSOR_DEFINITIONS = (
					"DEBUG=1",
					"$(inherited)",
				);
				GCC_WARN_64_TO_32_BIT_CONVERSION = YES;
				GCC_WARN_ABOUT_RETURN_TYPE = YES_ERROR;
				GCC_WARN_UNDECLARED_SELECTOR = YES;
				GCC_WARN_UNINITIALIZED_AUTOS = YES_AGGRESSIVE;
				GCC_WARN_UNUSED_FUNCTION = YES;
				GCC_WARN_UNUSED_VARIABLE = YES;
				IPHONEOS_DEPLOYMENT_TARGET = 9.2;
				MTL_ENABLE_DEBUG_INFO = YES;
				ONLY_ACTIVE_ARCH = YES;
				SDKROOT = iphoneos;
				TARGETED_DEVICE_FAMILY = "1,2";
			};
			name = Debug;
		};
		6F6D7D121C9EA9F70089521E /* Release */ = {
			isa = XCBuildConfiguration;
			buildSettings = {
				ALWAYS_SEARCH_USER_PATHS = NO;
				CLANG_CXX_LANGUAGE_STANDARD = "gnu++0x";
				CLANG_CXX_LIBRARY = "libc++";
				CLANG_ENABLE_MODULES = YES;
				CLANG_ENABLE_OBJC_ARC = YES;
				CLANG_WARN_BOOL_CONVERSION = YES;
				CLANG_WARN_CONSTANT_CONVERSION = YES;
				CLANG_WARN_DIRECT_OBJC_ISA_USAGE = YES_ERROR;
				CLANG_WARN_EMPTY_BODY = YES;
				CLANG_WARN_ENUM_CONVERSION = YES;
				CLANG_WARN_INT_CONVERSION = YES;
				CLANG_WARN_OBJC_ROOT_CLASS = YES_ERROR;
				CLANG_WARN_UNREACHABLE_CODE = YES;
				CLANG_WARN__DUPLICATE_METHOD_MATCH = YES;
				"CODE_SIGN_IDENTITY[sdk=iphoneos*]" = "iPhone Developer";
				COPY_PHASE_STRIP = NO;
				DEBUG_INFORMATION_FORMAT = "dwarf-with-dsym";
				ENABLE_NS_ASSERTIONS = NO;
				ENABLE_STRICT_OBJC_MSGSEND = YES;
				GCC_C_LANGUAGE_STANDARD = gnu99;
				GCC_NO_COMMON_BLOCKS = YES;
				GCC_WARN_64_TO_32_BIT_CONVERSION = YES;
				GCC_WARN_ABOUT_RETURN_TYPE = YES_ERROR;
				GCC_WARN_UNDECLARED_SELECTOR = YES;
				GCC_WARN_UNINITIALIZED_AUTOS = YES_AGGRESSIVE;
				GCC_WARN_UNUSED_FUNCTION = YES;
				GCC_WARN_UNUSED_VARIABLE = YES;
				IPHONEOS_DEPLOYMENT_TARGET = 9.2;
				MTL_ENABLE_DEBUG_INFO = NO;
				SDKROOT = iphoneos;
				TARGETED_DEVICE_FAMILY = "1,2";
				VALIDATE_PRODUCT = YES;
			};
			name = Release;
		};
		6F6D7D141C9EA9F70089521E /* Debug */ = {
			isa = XCBuildConfiguration;
			buildSettings = {
				ASSETCATALOG_COMPILER_APPICON_NAME = AppIcon;
				CODE_SIGN_IDENTITY = "iPhone Developer";
				"CODE_SIGN_IDENTITY[sdk=iphoneos*]" = "iPhone Developer";
				INFOPLIST_FILE = PowerScore/Info.plist;
				IPHONEOS_DEPLOYMENT_TARGET = 8.1;
				LD_RUNPATH_SEARCH_PATHS = "$(inherited) @executable_path/Frameworks";
				PRODUCT_BUNDLE_IDENTIFIER = hitgif.github.com.PowerScore;
				PRODUCT_NAME = "$(TARGET_NAME)";
				PROVISIONING_PROFILE = "";
				TARGETED_DEVICE_FAMILY = 1;
			};
			name = Debug;
		};
		6F6D7D151C9EA9F70089521E /* Release */ = {
			isa = XCBuildConfiguration;
			buildSettings = {
				ASSETCATALOG_COMPILER_APPICON_NAME = AppIcon;
				CODE_SIGN_IDENTITY = "iPhone Developer";
				"CODE_SIGN_IDENTITY[sdk=iphoneos*]" = "iPhone Developer";
				INFOPLIST_FILE = PowerScore/Info.plist;
				IPHONEOS_DEPLOYMENT_TARGET = 8.1;
				LD_RUNPATH_SEARCH_PATHS = "$(inherited) @executable_path/Frameworks";
				PRODUCT_BUNDLE_IDENTIFIER = hitgif.github.com.PowerScore;
				PRODUCT_NAME = "$(TARGET_NAME)";
				PROVISIONING_PROFILE = "";
				TARGETED_DEVICE_FAMILY = 1;
			};
			name = Release;
		};
		6F6D7D171C9EA9F70089521E /* Debug */ = {
			isa = XCBuildConfiguration;
			buildSettings = {
				BUNDLE_LOADER = "$(TEST_HOST)";
				INFOPLIST_FILE = PowerScoreTests/Info.plist;
				LD_RUNPATH_SEARCH_PATHS = "$(inherited) @executable_path/Frameworks @loader_path/Frameworks";
				PRODUCT_BUNDLE_IDENTIFIER = hitgif.github.com.PowerScoreTests;
				PRODUCT_NAME = "$(TARGET_NAME)";
				TEST_HOST = "$(BUILT_PRODUCTS_DIR)/PowerScore.app/PowerScore";
			};
			name = Debug;
		};
		6F6D7D181C9EA9F70089521E /* Release */ = {
			isa = XCBuildConfiguration;
			buildSettings = {
				BUNDLE_LOADER = "$(TEST_HOST)";
				INFOPLIST_FILE = PowerScoreTests/Info.plist;
				LD_RUNPATH_SEARCH_PATHS = "$(inherited) @executable_path/Frameworks @loader_path/Frameworks";
				PRODUCT_BUNDLE_IDENTIFIER = hitgif.github.com.PowerScoreTests;
				PRODUCT_NAME = "$(TARGET_NAME)";
				TEST_HOST = "$(BUILT_PRODUCTS_DIR)/PowerScore.app/PowerScore";
			};
			name = Release;
		};
		6F6D7D1A1C9EA9F70089521E /* Debug */ = {
			isa = XCBuildConfiguration;
			buildSettings = {
				INFOPLIST_FILE = PowerScoreUITests/Info.plist;
				LD_RUNPATH_SEARCH_PATHS = "$(inherited) @executable_path/Frameworks @loader_path/Frameworks";
				PRODUCT_BUNDLE_IDENTIFIER = hitgif.github.com.PowerScoreUITests;
				PRODUCT_NAME = "$(TARGET_NAME)";
				TEST_TARGET_NAME = PowerScore;
				USES_XCTRUNNER = YES;
			};
			name = Debug;
		};
		6F6D7D1B1C9EA9F70089521E /* Release */ = {
			isa = XCBuildConfiguration;
			buildSettings = {
				INFOPLIST_FILE = PowerScoreUITests/Info.plist;
				LD_RUNPATH_SEARCH_PATHS = "$(inherited) @executable_path/Frameworks @loader_path/Frameworks";
				PRODUCT_BUNDLE_IDENTIFIER = hitgif.github.com.PowerScoreUITests;
				PRODUCT_NAME = "$(TARGET_NAME)";
				TEST_TARGET_NAME = PowerScore;
				USES_XCTRUNNER = YES;
			};
			name = Release;
		};
/* End XCBuildConfiguration section */

/* Begin XCConfigurationList section */
		6F6D7CE11C9EA9F70089521E /* Build configuration list for PBXProject "PowerScore" */ = {
			isa = XCConfigurationList;
			buildConfigurations = (
				6F6D7D111C9EA9F70089521E /* Debug */,
				6F6D7D121C9EA9F70089521E /* Release */,
			);
			defaultConfigurationIsVisible = 0;
			defaultConfigurationName = Release;
		};
		6F6D7D131C9EA9F70089521E /* Build configuration list for PBXNativeTarget "PowerScore" */ = {
			isa = XCConfigurationList;
			buildConfigurations = (
				6F6D7D141C9EA9F70089521E /* Debug */,
				6F6D7D151C9EA9F70089521E /* Release */,
			);
			defaultConfigurationIsVisible = 0;
			defaultConfigurationName = Release;
		};
		6F6D7D161C9EA9F70089521E /* Build configuration list for PBXNativeTarget "PowerScoreTests" */ = {
			isa = XCConfigurationList;
			buildConfigurations = (
				6F6D7D171C9EA9F70089521E /* Debug */,
				6F6D7D181C9EA9F70089521E /* Release */,
			);
			defaultConfigurationIsVisible = 0;
			defaultConfigurationName = Release;
		};
		6F6D7D191C9EA9F70089521E /* Build configuration list for PBXNativeTarget "PowerScoreUITests" */ = {
			isa = XCConfigurationList;
			buildConfigurations = (
				6F6D7D1A1C9EA9F70089521E /* Debug */,
				6F6D7D1B1C9EA9F70089521E /* Release */,
			);
			defaultConfigurationIsVisible = 0;
			defaultConfigurationName = Release;
		};
/* End XCConfigurationList section */
	};
	rootObject = 6F6D7CDE1C9EA9F70089521E /* Project object */;
}
